{
  "name": "PPL",
  "lockfileVersion": 3,
  "requires": true,
  "packages": {
    "": {
      "devDependencies": {
        "@types/ramda": "^0.31.1"
      }
    },
    "node_modules/@types/ramda": {
      "version": "0.31.1",
      "resolved": "https://registry.npmjs.org/@types/ramda/-/ramda-0.31.1.tgz",
      "integrity": "sha512-Vt6sFXnuRpzaEj+yeutA0q3bcAsK7wdPuASIzR9LXqL4gJPyFw8im9qchlbp4ltuf3kDEIRmPJTD/Fkg60dn7g==",
      "dev": true,
      "license": "MIT",
      "dependencies": {
        "types-ramda": "^0.31.0"
      }
    },
    "node_modules/ts-toolbelt": {
      "version": "9.6.0",
      "resolved": "https://registry.npmjs.org/ts-toolbelt/-/ts-toolbelt-9.6.0.tgz",
      "integrity": "sha512-nsZd8ZeNUzukXPlJmTBwUAuABDe/9qtVDelJeT/qW0ow3ZS3BsQJtNkan1802aM9Uf68/Y8ljw86Hu0h5IUW3w==",
      "dev": true,
      "license": "Apache-2.0"
    },
    "node_modules/types-ramda": {
      "version": "0.31.0",
      "resolved": "https://registry.npmjs.org/types-ramda/-/types-ramda-0.31.0.tgz",
      "integrity": "sha512-vaoC35CRC3xvL8Z6HkshDbi6KWM1ezK0LHN0YyxXWUn9HKzBNg/T3xSGlJZjCYspnOD3jE7bcizsp0bUXZDxnQ==",
      "dev": true,
      "license": "MIT",
      "dependencies": {
        "ts-toolbelt": "^9.6.0"
      }
    }
  }
}
